
Microsoft Visual Studio Solution File, Format Version 12.00
# Visual Studio Version 17
VisualStudioVersion = 17.10.34916.146
MinimumVisualStudioVersion = 10.0.40219.1
Project("{9A19103F-16F7-4668-BE54-9A1E7A4F7556}") = "ApiFinançasProject", "ApiFinançasProject\ApiFinançasProject.csproj", "{12CC6163-A9AF-4EA7-9F9E-1E6090E74BD8}"
EndProject
Global
	GlobalSection(SolutionConfigurationPlatforms) = preSolution
		Debug|Any CPU = Debug|Any CPU
		Release|Any CPU = Release|Any CPU
	EndGlobalSection
	GlobalSection(ProjectConfigurationPlatforms) = postSolution
		{12CC6163-A9AF-4EA7-9F9E-1E6090E74BD8}.Debug|Any CPU.ActiveCfg = Debug|Any CPU
		{12CC6163-A9AF-4EA7-9F9E-1E6090E74BD8}.Debug|Any CPU.Build.0 = Debug|Any CPU
		{12CC6163-A9AF-4EA7-9F9E-1E6090E74BD8}.Release|Any CPU.ActiveCfg = Release|Any CPU
		{12CC6163-A9AF-4EA7-9F9E-1E6090E74BD8}.Release|Any CPU.Build.0 = Release|Any CPU
	EndGlobalSection
	GlobalSection(SolutionProperties) = preSolution
		HideSolutionNode = FALSE
	EndGlobalSection
	GlobalSection(ExtensibilityGlobals) = postSolution
		SolutionGuid = {AC9E5DCF-8C04-49AB-A74C-C536EAFA2F7B}
	EndGlobalSection
EndGlobal
